{
  "name": "openq-dashboard-gateway",
  "version": "0.1.0",
  "lockfileVersion": 3,
  "requires": true,
  "packages": {
    "": {
      "name": "openq-dashboard-gateway",
      "version": "0.1.0",
      "dependencies": {
        "jkdb": "file:../../jkdb",
        "ws": "^8.18.0"
      },
      "engines": {
        "node": ">=18"
      }
    },
    "../../jkdb": {
      "version": "1.4.0",
      "license": "Apache-2.0",
      "devDependencies": {
        "@babel/core": "^7.29.0",
        "@babel/plugin-transform-object-rest-spread": "7.28.6",
        "@babel/preset-env": "^7.29.3",
        "@rollup/plugin-babel": "^7.0.0",
        "@rollup/plugin-terser": "^1.0.0",
        "@types/node": "^25.6.0",
        "babel-jest": "^30.3.0",
        "eslint": "^10.3.0",
        "eslint-plugin-jest": "^29.15.2",
        "esm": "^3.2.25",
        "jest": "^30.3.0",
        "rollup": "^4.60.3",
        "typescript": "^6.0.3"
      }
    },
    "node_modules/jkdb": {
      "resolved": "../../jkdb",
      "link": true
    },
    "node_modules/ws": {
      "version": "8.21.3",
      "resolved": "https://registry.npmjs.org/ws/-/ws-8.21.3.tgz",
      "integrity": "sha512-201TZ/kPWxoPr/OKWjquZR1SWKXcvxdH+e1xrx89b3YbmzLMFCLfnaG1HFIgWzJOEWZ7MvpK++odZufgYR50Rw==",
      "license": "MIT",
      "engines": {
        "node": ">=10.0.0"
      },
      "peerDependencies": {
        "bufferutil": "^4.0.1",
        "utf-8-validate": ">=5.0.2"
      },
      "peerDependenciesMeta": {
        "bufferutil": {
          "optional": true
        },
        "utf-8-validate": {
          "optional": true
        }
      }
    }
  }
}
